
Microsoft Visual Studio Solution File, Format Version 12.00
# Visual Studio 15
VisualStudioVersion = 15.0.28307.421
MinimumVisualStudioVersion = 10.0.40219.1
Project("{FAE04EC0-301F-11D3-BF4B-00C04F79EFBC}") = "AppValidaCPF_CNPJ", "AppValidaCPF_CNPJ\AppValidaCPF_CNPJ.csproj", "{6A5FFFA7-3ADB-4376-B479-65917236554F}"
EndProject
Global
	GlobalSection(SolutionConfigurationPlatforms) = preSolution
		Debug|Any CPU = Debug|Any CPU
		Release|Any CPU = Release|Any CPU
	EndGlobalSection
	GlobalSection(ProjectConfigurationPlatforms) = postSolution
		{6A5FFFA7-3ADB-4376-B479-65917236554F}.Debug|Any CPU.ActiveCfg = Debug|Any CPU
		{6A5FFFA7-3ADB-4376-B479-65917236554F}.Debug|Any CPU.Build.0 = Debug|Any CPU
		{6A5FFFA7-3ADB-4376-B479-65917236554F}.Release|Any CPU.ActiveCfg = Release|Any CPU
		{6A5FFFA7-3ADB-4376-B479-65917236554F}.Release|Any CPU.Build.0 = Release|Any CPU
	EndGlobalSection
	GlobalSection(SolutionProperties) = preSolution
		HideSolutionNode = FALSE
	EndGlobalSection
	GlobalSection(ExtensibilityGlobals) = postSolution
		SolutionGuid = {E3D81F33-9D0E-4844-B97D-D8E1023274FA}
	EndGlobalSection
EndGlobal
